
Microsoft Visual Studio Solution File, Format Version 12.00
# Visual Studio Version 17
VisualStudioVersion = 17.0.31919.166
MinimumVisualStudioVersion = 10.0.40219.1
Project("{9A19103F-16F7-4668-BE54-9A1E7A4F7556}") = "NewStyle", "NewStyle\NewStyle\NewStyle.csproj", "{18CE4212-F7FC-4BFD-A72E-A737F7297A6E}"
EndProject
Project("{9A19103F-16F7-4668-BE54-9A1E7A4F7556}") = "OldStyle", "OldStyle\OldStyle\OldStyle.csproj", "{76565670-2110-4893-9AA2-391D8BBC20C3}"
EndProject
Global
	GlobalSection(SolutionConfigurationPlatforms) = preSolution
		Debug|Any CPU = Debug|Any CPU
		Release|Any CPU = Release|Any CPU
	EndGlobalSection
	GlobalSection(ProjectConfigurationPlatforms) = postSolution
		{18CE4212-F7FC-4BFD-A72E-A737F7297A6E}.Debug|Any CPU.ActiveCfg = Debug|Any CPU
		{18CE4212-F7FC-4BFD-A72E-A737F7297A6E}.Debug|Any CPU.Build.0 = Debug|Any CPU
		{18CE4212-F7FC-4BFD-A72E-A737F7297A6E}.Release|Any CPU.ActiveCfg = Release|Any CPU
		{18CE4212-F7FC-4BFD-A72E-A737F7297A6E}.Release|Any CPU.Build.0 = Release|Any CPU
		{76565670-2110-4893-9AA2-391D8BBC20C3}.Debug|Any CPU.ActiveCfg = Debug|Any CPU
		{76565670-2110-4893-9AA2-391D8BBC20C3}.Debug|Any CPU.Build.0 = Debug|Any CPU
		{76565670-2110-4893-9AA2-391D8BBC20C3}.Release|Any CPU.ActiveCfg = Release|Any CPU
		{76565670-2110-4893-9AA2-391D8BBC20C3}.Release|Any CPU.Build.0 = Release|Any CPU
	EndGlobalSection
	GlobalSection(SolutionProperties) = preSolution
		HideSolutionNode = FALSE
	EndGlobalSection
	GlobalSection(ExtensibilityGlobals) = postSolution
		SolutionGuid = {161E75C5-628D-4DB1-AAB8-9E561CA98ED8}
	EndGlobalSection
EndGlobal
