
Microsoft Visual Studio Solution File, Format Version 12.00
# Visual Studio Version 17
VisualStudioVersion = 17.0.31919.166
MinimumVisualStudioVersion = 10.0.40219.1
Project("{FAE04EC0-301F-11D3-BF4B-00C04F79EFBC}") = "OldStyle", "OldStyle\OldStyle.csproj", "{E47EADCB-E055-44BB-9D80-C502EF40ACE8}"
EndProject
Global
	GlobalSection(SolutionConfigurationPlatforms) = preSolution
		Debug|Any CPU = Debug|Any CPU
		Release|Any CPU = Release|Any CPU
	EndGlobalSection
	GlobalSection(ProjectConfigurationPlatforms) = postSolution
		{E47EADCB-E055-44BB-9D80-C502EF40ACE8}.Debug|Any CPU.ActiveCfg = Debug|Any CPU
		{E47EADCB-E055-44BB-9D80-C502EF40ACE8}.Debug|Any CPU.Build.0 = Debug|Any CPU
		{E47EADCB-E055-44BB-9D80-C502EF40ACE8}.Release|Any CPU.ActiveCfg = Release|Any CPU
		{E47EADCB-E055-44BB-9D80-C502EF40ACE8}.Release|Any CPU.Build.0 = Release|Any CPU
	EndGlobalSection
	GlobalSection(SolutionProperties) = preSolution
		HideSolutionNode = FALSE
	EndGlobalSection
	GlobalSection(ExtensibilityGlobals) = postSolution
		SolutionGuid = {A11459E8-CE7E-454D-A0DC-C9F6C1DED3AA}
	EndGlobalSection
EndGlobal
